
Microsoft Visual Studio Solution File, Format Version 12.00
Project("{FAE04EC0-301F-11D3-BF4B-00C04F79EFBC}") = "Main", "Main\Main.csproj", "{5FEFE389-190B-4633-83D3-AEA49EE0CDE7}"
EndProject
Global
	GlobalSection(SolutionConfigurationPlatforms) = preSolution
		Debug|Any CPU = Debug|Any CPU
		Release|Any CPU = Release|Any CPU
	EndGlobalSection
	GlobalSection(ProjectConfigurationPlatforms) = postSolution
		{5FEFE389-190B-4633-83D3-AEA49EE0CDE7}.Debug|Any CPU.ActiveCfg = Debug|Any CPU
		{5FEFE389-190B-4633-83D3-AEA49EE0CDE7}.Debug|Any CPU.Build.0 = Debug|Any CPU
		{5FEFE389-190B-4633-83D3-AEA49EE0CDE7}.Release|Any CPU.ActiveCfg = Release|Any CPU
		{5FEFE389-190B-4633-83D3-AEA49EE0CDE7}.Release|Any CPU.Build.0 = Release|Any CPU
	EndGlobalSection
EndGlobal
